// !$*UTF8*$!
{
	archiveVersion = 1;
	classes = {
	};
	objectVersion = 54;
	objects = {

/* Begin PBXBuildFile section */
		0552CACEC8599D47DD132EE4 /* Pods_CCCanvas_Color_Swift.framework in Frameworks */ = {isa = PBXBuildFile; fileRef = EFD7962A9BAA3A41D51880A3 /* Pods_CCCanvas_Color_Swift.framework */; };
		429C37C126C1308F00A01EAE /* AppDelegate.swift in Sources */ = {isa = PBXBuildFile; fileRef = 429C37C026C1308F00A01EAE /* AppDelegate.swift */; };
		429C37C326C1308F00A01EAE /* SceneDelegate.swift in Sources */ = {isa = PBXBuildFile; fileRef = 429C37C226C1308F00A01EAE /* SceneDelegate.swift */; };
		429C37C526C1308F00A01EAE /* ViewController.swift in Sources */ = {isa = PBXBuildFile; fileRef = 429C37C426C1308F00A01EAE /* ViewController.swift */; };
		429C37C826C1308F00A01EAE /* Main.storyboard in Resources */ = {isa = PBXBuildFile; fileRef = 429C37C626C1308F00A01EAE /* Main.storyboard */; };
		429C37CA26C1309000A01EAE /* Assets.xcassets in Resources */ = {isa = PBXBuildFile; fileRef = 429C37C926C1309000A01EAE /* Assets.xcassets */; };
		429C37CD26C1309000A01EAE /* LaunchScreen.storyboard in Resources */ = {isa = PBXBuildFile; fileRef = 429C37CB26C1309000A01EAE /* LaunchScreen.storyboard */; };
/* End PBXBuildFile section */

/* Begin PBXFileReference section */
		09C2C64BD8C944B72FF32FB2 /* Pods-CCCanvas.Color.Swift.release.xcconfig */ = {isa = PBXFileReference; includeInIndex = 1; lastKnownFileType = text.xcconfig; name = "Pods-CCCanvas.Color.Swift.release.xcconfig"; path = "Target Support Files/Pods-CCCanvas.Color.Swift/Pods-CCCanvas.Color.Swift.release.xcconfig"; sourceTree = "<group>"; };
		429C37BD26C1308F00A01EAE /* CCCanvas.Color.Swift.app */ = {isa = PBXFileReference; explicitFileType = wrapper.application; includeInIndex = 0; path = CCCanvas.Color.Swift.app; sourceTree = BUILT_PRODUCTS_DIR; };
		429C37C026C1308F00A01EAE /* AppDelegate.swift */ = {isa = PBXFileReference; lastKnownFileType = sourcecode.swift; path = AppDelegate.swift; sourceTree = "<group>"; };
		429C37C226C1308F00A01EAE /* SceneDelegate.swift */ = {isa = PBXFileReference; lastKnownFileType = sourcecode.swift; path = SceneDelegate.swift; sourceTree = "<group>"; };
		429C37C426C1308F00A01EAE /* ViewController.swift */ = {isa = PBXFileReference; lastKnownFileType = sourcecode.swift; path = ViewController.swift; sourceTree = "<group>"; };
		429C37C726C1308F00A01EAE /* Base */ = {isa = PBXFileReference; lastKnownFileType = file.storyboard; name = Base; path = Base.lproj/Main.storyboard; sourceTree = "<group>"; };
		429C37C926C1309000A01EAE /* Assets.xcassets */ = {isa = PBXFileReference; lastKnownFileType = folder.assetcatalog; path = Assets.xcassets; sourceTree = "<group>"; };
		429C37CC26C1309000A01EAE /* Base */ = {isa = PBXFileReference; lastKnownFileType = file.storyboard; name = Base; path = Base.lproj/LaunchScreen.storyboard; sourceTree = "<group>"; };
		429C37CE26C1309000A01EAE /* Info.plist */ = {isa = PBXFileReference; lastKnownFileType = text.plist.xml; path = Info.plist; sourceTree = "<group>"; };
		943C97BFCF5778FFF86831B6 /* Pods-CCCanvas.Color.Swift.debug.xcconfig */ = {isa = PBXFileReference; includeInIndex = 1; lastKnownFileType = text.xcconfig; name = "Pods-CCCanvas.Color.Swift.debug.xcconfig"; path = "Target Support Files/Pods-CCCanvas.Color.Swift/Pods-CCCanvas.Color.Swift.debug.xcconfig"; sourceTree = "<group>"; };
		EFD7962A9BAA3A41D51880A3 /* Pods_CCCanvas_Color_Swift.framework */ = {isa = PBXFileReference; explicitFileType = wrapper.framework; includeInIndex = 0; path = Pods_CCCanvas_Color_Swift.framework; sourceTree = BUILT_PRODUCTS_DIR; };
/* End PBXFileReference section */

/* Begin PBXFrameworksBuildPhase section */
		429C37BA26C1308F00A01EAE /* Frameworks */ = {
			isa = PBXFrameworksBuildPhase;
			buildActionMask = 2147483647;
			files = (
				0552CACEC8599D47DD132EE4 /* Pods_CCCanvas_Color_Swift.framework in Frameworks */,
			);
			runOnlyForDeploymentPostprocessing = 0;
		};
/* End PBXFrameworksBuildPhase section */

/* Begin PBXGroup section */
		069EED5FF6BC1F37079D6275 /* Frameworks */ = {
			isa = PBXGroup;
			children = (
				EFD7962A9BAA3A41D51880A3 /* Pods_CCCanvas_Color_Swift.framework */,
			);
			name = Frameworks;
			sourceTree = "<group>";
		};
		429C37B426C1308F00A01EAE = {
			isa = PBXGroup;
			children = (
				429C37BF26C1308F00A01EAE /* CCCanvas.Color.Swift */,
				429C37BE26C1308F00A01EAE /* Products */,
				E2F2F84B4D856486F66DF824 /* Pods */,
				069EED5FF6BC1F37079D6275 /* Frameworks */,
			);
			sourceTree = "<group>";
		};
		429C37BE26C1308F00A01EAE /* Products */ = {
			isa = PBXGroup;
			children = (
				429C37BD26C1308F00A01EAE /* CCCanvas.Color.Swift.app */,
			);
			name = Products;
			sourceTree = "<group>";
		};
		429C37BF26C1308F00A01EAE /* CCCanvas.Color.Swift */ = {
			isa = PBXGroup;
			children = (
				429C37C026C1308F00A01EAE /* AppDelegate.swift */,
				429C37C226C1308F00A01EAE /* SceneDelegate.swift */,
				429C37C426C1308F00A01EAE /* ViewController.swift */,
				429C37C626C1308F00A01EAE /* Main.storyboard */,
				429C37C926C1309000A01EAE /* Assets.xcassets */,
				429C37CB26C1309000A01EAE /* LaunchScreen.storyboard */,
				429C37CE26C1309000A01EAE /* Info.plist */,
			);
			path = CCCanvas.Color.Swift;
			sourceTree = "<group>";
		};
		E2F2F84B4D856486F66DF824 /* Pods */ = {
			isa = PBXGroup;
			children = (
				943C97BFCF5778FFF86831B6 /* Pods-CCCanvas.Color.Swift.debug.xcconfig */,
				09C2C64BD8C944B72FF32FB2 /* Pods-CCCanvas.Color.Swift.release.xcconfig */,
			);
			path = Pods;
			sourceTree = "<group>";
		};
/* End PBXGroup section */

/* Begin PBXNativeTarget section */
		429C37BC26C1308F00A01EAE /* CCCanvas.Color.Swift */ = {
			isa = PBXNativeTarget;
			buildConfigurationList = 429C37D126C1309000A01EAE /* Build configuration list for PBXNativeTarget "CCCanvas.Color.Swift" */;
			buildPhases = (
				2C12B71F2E227307CCBD7AE0 /* [CP] Check Pods Manifest.lock */,
				429C37B926C1308F00A01EAE /* Sources */,
				429C37BA26C1308F00A01EAE /* Frameworks */,
				429C37BB26C1308F00A01EAE /* Resources */,
				2AC456C1BBD361F35D0DC72D /* [CP] Embed Pods Frameworks */,
			);
			buildRules = (
			);
			dependencies = (
			);
			name = CCCanvas.Color.Swift;
			productName = CCCanvas.Color.Swift;
			productReference = 429C37BD26C1308F00A01EAE /* CCCanvas.Color.Swift.app */;
			productType = "com.apple.product-type.application";
		};
/* End PBXNativeTarget section */

/* Begin PBXProject section */
		429C37B526C1308F00A01EAE /* Project object */ = {
			isa = PBXProject;
			attributes = {
				BuildIndependentTargetsInParallel = 1;
				CLASSPREFIX = CC;
				LastSwiftUpdateCheck = 1300;
				LastUpgradeCheck = 1300;
				ORGANIZATIONNAME = "CC (deng you hua | cworld1000@gmail.com)";
				TargetAttributes = {
					429C37BC26C1308F00A01EAE = {
						CreatedOnToolsVersion = 13.0;
					};
				};
			};
			buildConfigurationList = 429C37B826C1308F00A01EAE /* Build configuration list for PBXProject "CCCanvas.Color.Swift" */;
			compatibilityVersion = "Xcode 12.0";
			developmentRegion = en;
			hasScannedForEncodings = 0;
			knownRegions = (
				en,
				Base,
			);
			mainGroup = 429C37B426C1308F00A01EAE;
			productRefGroup = 429C37BE26C1308F00A01EAE /* Products */;
			projectDirPath = "";
			projectRoot = "";
			targets = (
				429C37BC26C1308F00A01EAE /* CCCanvas.Color.Swift */,
			);
		};
/* End PBXProject section */

/* Begin PBXResourcesBuildPhase section */
		429C37BB26C1308F00A01EAE /* Resources */ = {
			isa = PBXResourcesBuildPhase;
			buildActionMask = 2147483647;
			files = (
				429C37CD26C1309000A01EAE /* LaunchScreen.storyboard in Resources */,
				429C37CA26C1309000A01EAE /* Assets.xcassets in Resources */,
				429C37C826C1308F00A01EAE /* Main.storyboard in Resources */,
			);
			runOnlyForDeploymentPostprocessing = 0;
		};
/* End PBXResourcesBuildPhase section */

/* Begin PBXShellScriptBuildPhase section */
		2AC456C1BBD361F35D0DC72D /* [CP] Embed Pods Frameworks */ = {
			isa = PBXShellScriptBuildPhase;
			buildActionMask = 2147483647;
			files = (
			);
			inputFileListPaths = (
				"${PODS_ROOT}/Target Support Files/Pods-CCCanvas.Color.Swift/Pods-CCCanvas.Color.Swift-frameworks-${CONFIGURATION}-input-files.xcfilelist",
			);
			name = "[CP] Embed Pods Frameworks";
			outputFileListPaths = (
				"${PODS_ROOT}/Target Support Files/Pods-CCCanvas.Color.Swift/Pods-CCCanvas.Color.Swift-frameworks-${CONFIGURATION}-output-files.xcfilelist",
			);
			runOnlyForDeploymentPostprocessing = 0;
			shellPath = /bin/sh;
			shellScript = "\"${PODS_ROOT}/Target Support Files/Pods-CCCanvas.Color.Swift/Pods-CCCanvas.Color.Swift-frameworks.sh\"\n";
			showEnvVarsInLog = 0;
		};
		2C12B71F2E227307CCBD7AE0 /* [CP] Check Pods Manifest.lock */ = {
			isa = PBXShellScriptBuildPhase;
			buildActionMask = 2147483647;
			files = (
			);
			inputFileListPaths = (
			);
			inputPaths = (
				"${PODS_PODFILE_DIR_PATH}/Podfile.lock",
				"${PODS_ROOT}/Manifest.lock",
			);
			name = "[CP] Check Pods Manifest.lock";
			outputFileListPaths = (
			);
			outputPaths = (
				"$(DERIVED_FILE_DIR)/Pods-CCCanvas.Color.Swift-checkManifestLockResult.txt",
			);
			runOnlyForDeploymentPostprocessing = 0;
			shellPath = /bin/sh;
			shellScript = "diff \"${PODS_PODFILE_DIR_PATH}/Podfile.lock\" \"${PODS_ROOT}/Manifest.lock\" > /dev/null\nif [ $? != 0 ] ; then\n    # print error to STDERR\n    echo \"error: The sandbox is not in sync with the Podfile.lock. Run 'pod install' or update your CocoaPods installation.\" >&2\n    exit 1\nfi\n# This output is used by Xcode 'outputs' to avoid re-running this script phase.\necho \"SUCCESS\" > \"${SCRIPT_OUTPUT_FILE_0}\"\n";
			showEnvVarsInLog = 0;
		};
/* End PBXShellScriptBuildPhase section */

/* Begin PBXSourcesBuildPhase section */
		429C37B926C1308F00A01EAE /* Sources */ = {
			isa = PBXSourcesBuildPhase;
			buildActionMask = 2147483647;
			files = (
				429C37C526C1308F00A01EAE /* ViewController.swift in Sources */,
				429C37C126C1308F00A01EAE /* AppDelegate.swift in Sources */,
				429C37C326C1308F00A01EAE /* SceneDelegate.swift in Sources */,
			);
			runOnlyForDeploymentPostprocessing = 0;
		};
/* End PBXSourcesBuildPhase section */

/* Begin PBXVariantGroup section */
		429C37C626C1308F00A01EAE /* Main.storyboard */ = {
			isa = PBXVariantGroup;
			children = (
				429C37C726C1308F00A01EAE /* Base */,
			);
			name = Main.storyboard;
			sourceTree = "<group>";
		};
		429C37CB26C1309000A01EAE /* LaunchScreen.storyboard */ = {
			isa = PBXVariantGroup;
			children = (
				429C37CC26C1309000A01EAE /* Base */,
			);
			name = LaunchScreen.storyboard;
			sourceTree = "<group>";
		};
/* End PBXVariantGroup section */

/* Begin XCBuildConfiguration section */
		429C37CF26C1309000A01EAE /* Debug */ = {
			isa = XCBuildConfiguration;
			buildSettings = {
				ALWAYS_SEARCH_USER_PATHS = NO;
				CLANG_ANALYZER_NONNULL = YES;
				CLANG_ANALYZER_NUMBER_OBJECT_CONVERSION = YES_AGGRESSIVE;
				CLANG_CXX_LANGUAGE_STANDARD = "gnu++14";
				CLANG_CXX_LIBRARY = "libc++";
				CLANG_ENABLE_MODULES = YES;
				CLANG_ENABLE_OBJC_ARC = YES;
				CLANG_ENABLE_OBJC_WEAK = YES;
				CLANG_WARN_BLOCK_CAPTURE_AUTORELEASING = YES;
				CLANG_WARN_BOOL_CONVERSION = YES;
				CLANG_WARN_COMMA = YES;
				CLANG_WARN_CONSTANT_CONVERSION = YES;
				CLANG_WARN_DEPRECATED_OBJC_IMPLEMENTATIONS = YES;
				CLANG_WARN_DIRECT_OBJC_ISA_USAGE = YES_ERROR;
				CLANG_WARN_DOCUMENTATION_COMMENTS = YES;
				CLANG_WARN_EMPTY_BODY = YES;
				CLANG_WARN_ENUM_CONVERSION = YES;
				CLANG_WARN_INFINITE_RECURSION = YES;
				CLANG_WARN_INT_CONVERSION = YES;
				CLANG_WARN_NON_LITERAL_NULL_CONVERSION = YES;
				CLANG_WARN_OBJC_IMPLICIT_RETAIN_SELF = YES;
				CLANG_WARN_OBJC_LITERAL_CONVERSION = YES;
				CLANG_WARN_OBJC_ROOT_CLASS = YES_ERROR;
				CLANG_WARN_QUOTED_INCLUDE_IN_FRAMEWORK_HEADER = YES;
				CLANG_WARN_RANGE_LOOP_ANALYSIS = YES;
				CLANG_WARN_STRICT_PROTOTYPES = YES;
				CLANG_WARN_SUSPICIOUS_MOVE = YES;
				CLANG_WARN_UNGUARDED_AVAILABILITY = YES_AGGRESSIVE;
				CLANG_WARN_UNREACHABLE_CODE = YES;
				CLANG_WARN__DUPLICATE_METHOD_MATCH = YES;
				COPY_PHASE_STRIP = NO;
				DEBUG_INFORMATION_FORMAT = dwarf;
				ENABLE_STRICT_OBJC_MSGSEND = YES;
				ENABLE_TESTABILITY = YES;
				GCC_C_LANGUAGE_STANDARD = gnu11;
				GCC_DYNAMIC_NO_PIC = NO;
				GCC_NO_COMMON_BLOCKS = YES;
				GCC_OPTIMIZATION_LEVEL = 0;
				GCC_PREPROCESSOR_DEFINITIONS = (
					"DEBUG=1",
					"$(inherited)",
				);
				GCC_WARN_64_TO_32_BIT_CONVERSION = YES;
				GCC_WARN_ABOUT_RETURN_TYPE = YES_ERROR;
				GCC_WARN_UNDECLARED_SELECTOR = YES;
				GCC_WARN_UNINITIALIZED_AUTOS = YES_AGGRESSIVE;
				GCC_WARN_UNUSED_FUNCTION = YES;
				GCC_WARN_UNUSED_VARIABLE = YES;
				IPHONEOS_DEPLOYMENT_TARGET = 15.0;
				MTL_ENABLE_DEBUG_INFO = INCLUDE_SOURCE;
				MTL_FAST_MATH = YES;
				ONLY_ACTIVE_ARCH = YES;
				SDKROOT = iphoneos;
				SWIFT_ACTIVE_COMPILATION_CONDITIONS = DEBUG;
				SWIFT_OPTIMIZATION_LEVEL = "-Onone";
			};
			name = Debug;
		};
		429C37D026C1309000A01EAE /* Release */ = {
			isa = XCBuildConfiguration;
			buildSettings = {
				ALWAYS_SEARCH_USER_PATHS = NO;
				CLANG_ANALYZER_NONNULL = YES;
				CLANG_ANALYZER_NUMBER_OBJECT_CONVERSION = YES_AGGRESSIVE;
				CLANG_CXX_LANGUAGE_STANDARD = "gnu++14";
				CLANG_CXX_LIBRARY = "libc++";
				CLANG_ENABLE_MODULES = YES;
				CLANG_ENABLE_OBJC_ARC = YES;
				CLANG_ENABLE_OBJC_WEAK = YES;
				CLANG_WARN_BLOCK_CAPTURE_AUTORELEASING = YES;
				CLANG_WARN_BOOL_CONVERSION = YES;
				CLANG_WARN_COMMA = YES;
				CLANG_WARN_CONSTANT_CONVERSION = YES;
				CLANG_WARN_DEPRECATED_OBJC_IMPLEMENTATIONS = YES;
				CLANG_WARN_DIRECT_OBJC_ISA_USAGE = YES_ERROR;
				CLANG_WARN_DOCUMENTATION_COMMENTS = YES;
				CLANG_WARN_EMPTY_BODY = YES;
				CLANG_WARN_ENUM_CONVERSION = YES;
				CLANG_WARN_INFINITE_RECURSION = YES;
				CLANG_WARN_INT_CONVERSION = YES;
				CLANG_WARN_NON_LITERAL_NULL_CONVERSION = YES;
				CLANG_WARN_OBJC_IMPLICIT_RETAIN_SELF = YES;
				CLANG_WARN_OBJC_LITERAL_CONVERSION = YES;
				CLANG_WARN_OBJC_ROOT_CLASS = YES_ERROR;
				CLANG_WARN_QUOTED_INCLUDE_IN_FRAMEWORK_HEADER = YES;
				CLANG_WARN_RANGE_LOOP_ANALYSIS = YES;
				CLANG_WARN_STRICT_PROTOTYPES = YES;
				CLANG_WARN_SUSPICIOUS_MOVE = YES;
				CLANG_WARN_UNGUARDED_AVAILABILITY = YES_AGGRESSIVE;
				CLANG_WARN_UNREACHABLE_CODE = YES;
				CLANG_WARN__DUPLICATE_METHOD_MATCH = YES;
				COPY_PHASE_STRIP = NO;
				DEBUG_INFORMATION_FORMAT = "dwarf-with-dsym";
				ENABLE_NS_ASSERTIONS = NO;
				ENABLE_STRICT_OBJC_MSGSEND = YES;
				GCC_C_LANGUAGE_STANDARD = gnu11;
				GCC_NO_COMMON_BLOCKS = YES;
				GCC_WARN_64_TO_32_BIT_CONVERSION = YES;
				GCC_WARN_ABOUT_RETURN_TYPE = YES_ERROR;
				GCC_WARN_UNDECLARED_SELECTOR = YES;
				GCC_WARN_UNINITIALIZED_AUTOS = YES_AGGRESSIVE;
				GCC_WARN_UNUSED_FUNCTION = YES;
				GCC_WARN_UNUSED_VARIABLE = YES;
				IPHONEOS_DEPLOYMENT_TARGET = 15.0;
				MTL_ENABLE_DEBUG_INFO = NO;
				MTL_FAST_MATH = YES;
				SDKROOT = iphoneos;
				SWIFT_COMPILATION_MODE = wholemodule;
				SWIFT_OPTIMIZATION_LEVEL = "-O";
				VALIDATE_PRODUCT = YES;
			};
			name = Release;
		};
		429C37D226C1309000A01EAE /* Debug */ = {
			isa = XCBuildConfiguration;
			baseConfigurationReference = 943C97BFCF5778FFF86831B6 /* Pods-CCCanvas.Color.Swift.debug.xcconfig */;
			buildSettings = {
				ASSETCATALOG_COMPILER_APPICON_NAME = AppIcon;
				ASSETCATALOG_COMPILER_GLOBAL_ACCENT_COLOR_NAME = AccentColor;
				CODE_SIGN_STYLE = Automatic;
				CURRENT_PROJECT_VERSION = 1;
				GENERATE_INFOPLIST_FILE = YES;
				INFOPLIST_FILE = CCCanvas.Color.Swift/Info.plist;
				INFOPLIST_KEY_UIApplicationSupportsIndirectInputEvents = YES;
				INFOPLIST_KEY_UILaunchStoryboardName = LaunchScreen;
				INFOPLIST_KEY_UIMainStoryboardFile = Main;
				INFOPLIST_KEY_UISupportedInterfaceOrientations_iPad = "UIInterfaceOrientationPortrait UIInterfaceOrientationPortraitUpsideDown UIInterfaceOrientationLandscapeLeft UIInterfaceOrientationLandscapeRight";
				INFOPLIST_KEY_UISupportedInterfaceOrientations_iPhone = "UIInterfaceOrientationPortrait UIInterfaceOrientationLandscapeLeft UIInterfaceOrientationLandscapeRight";
				LD_RUNPATH_SEARCH_PATHS = (
					"$(inherited)",
					"@executable_path/Frameworks",
				);
				MARKETING_VERSION = 1.0;
				PRODUCT_BUNDLE_IDENTIFIER = "com.cc.CCCanvas-Color-Swift";
				PRODUCT_NAME = "$(TARGET_NAME)";
				SWIFT_EMIT_LOC_STRINGS = YES;
				SWIFT_VERSION = 5.0;
				TARGETED_DEVICE_FAMILY = "1,2";
			};
			name = Debug;
		};
		429C37D326C1309000A01EAE /* Release */ = {
			isa = XCBuildConfiguration;
			baseConfigurationReference = 09C2C64BD8C944B72FF32FB2 /* Pods-CCCanvas.Color.Swift.release.xcconfig */;
			buildSettings = {
				ASSETCATALOG_COMPILER_APPICON_NAME = AppIcon;
				ASSETCATALOG_COMPILER_GLOBAL_ACCENT_COLOR_NAME = AccentColor;
				CODE_SIGN_STYLE = Automatic;
				CURRENT_PROJECT_VERSION = 1;
				GENERATE_INFOPLIST_FILE = YES;
				INFOPLIST_FILE = CCCanvas.Color.Swift/Info.plist;
				INFOPLIST_KEY_UIApplicationSupportsIndirectInputEvents = YES;
				INFOPLIST_KEY_UILaunchStoryboardName = LaunchScreen;
				INFOPLIST_KEY_UIMainStoryboardFile = Main;
				INFOPLIST_KEY_UISupportedInterfaceOrientations_iPad = "UIInterfaceOrientationPortrait UIInterfaceOrientationPortraitUpsideDown UIInterfaceOrientationLandscapeLeft UIInterfaceOrientationLandscapeRight";
				INFOPLIST_KEY_UISupportedInterfaceOrientations_iPhone = "UIInterfaceOrientationPortrait UIInterfaceOrientationLandscapeLeft UIInterfaceOrientationLandscapeRight";
				LD_RUNPATH_SEARCH_PATHS = (
					"$(inherited)",
					"@executable_path/Frameworks",
				);
				MARKETING_VERSION = 1.0;
				PRODUCT_BUNDLE_IDENTIFIER = "com.cc.CCCanvas-Color-Swift";
				PRODUCT_NAME = "$(TARGET_NAME)";
				SWIFT_EMIT_LOC_STRINGS = YES;
				SWIFT_VERSION = 5.0;
				TARGETED_DEVICE_FAMILY = "1,2";
			};
			name = Release;
		};
/* End XCBuildConfiguration section */

/* Begin XCConfigurationList section */
		429C37B826C1308F00A01EAE /* Build configuration list for PBXProject "CCCanvas.Color.Swift" */ = {
			isa = XCConfigurationList;
			buildConfigurations = (
				429C37CF26C1309000A01EAE /* Debug */,
				429C37D026C1309000A01EAE /* Release */,
			);
			defaultConfigurationIsVisible = 0;
			defaultConfigurationName = Release;
		};
		429C37D126C1309000A01EAE /* Build configuration list for PBXNativeTarget "CCCanvas.Color.Swift" */ = {
			isa = XCConfigurationList;
			buildConfigurations = (
				429C37D226C1309000A01EAE /* Debug */,
				429C37D326C1309000A01EAE /* Release */,
			);
			defaultConfigurationIsVisible = 0;
			defaultConfigurationName = Release;
		};
/* End XCConfigurationList section */
	};
	rootObject = 429C37B526C1308F00A01EAE /* Project object */;
}
